
Microsoft Visual Studio Solution File, Format Version 12.00
# Visual Studio 15
VisualStudioVersion = 15.0.26730.16
MinimumVisualStudioVersion = 10.0.40219.1
Project("{FAE04EC0-301F-11D3-BF4B-00C04F79EFBC}") = "TpsReports.Website.461", "TpsReports.Website.461\TpsReports.Website.461.csproj", "{95BCA6F0-5927-4931-8B02-77061F2FA124}"
EndProject
Project("{9A19103F-16F7-4668-BE54-9A1E7A4F7556}") = "TpsReports.Website.CoreNet", "TpsReports.Website.CoreNet\TpsReports.Website.CoreNet.csproj", "{6EADAB25-FEAB-4F8E-BB41-6230E0855C12}"
EndProject
Project("{9A19103F-16F7-4668-BE54-9A1E7A4F7556}") = "TpsReports.Website.Core", "TpsReports.Website.Core\TpsReports.Website.Core.csproj", "{5C9648AF-8803-40A6-9400-FD5C76A3ED4A}"
EndProject
Project("{E53339B2-1760-4266-BCC7-CA923CBCF16C}") = "docker-compose", "docker-compose.dcproj", "{4F31E42F-3A2C-4397-911A-725D4AF11EA1}"
EndProject
Global
	GlobalSection(SolutionConfigurationPlatforms) = preSolution
		Debug|Any CPU = Debug|Any CPU
		Release|Any CPU = Release|Any CPU
	EndGlobalSection
	GlobalSection(ProjectConfigurationPlatforms) = postSolution
		{95BCA6F0-5927-4931-8B02-77061F2FA124}.Debug|Any CPU.ActiveCfg = Debug|Any CPU
		{95BCA6F0-5927-4931-8B02-77061F2FA124}.Debug|Any CPU.Build.0 = Debug|Any CPU
		{95BCA6F0-5927-4931-8B02-77061F2FA124}.Release|Any CPU.ActiveCfg = Release|Any CPU
		{95BCA6F0-5927-4931-8B02-77061F2FA124}.Release|Any CPU.Build.0 = Release|Any CPU
		{6EADAB25-FEAB-4F8E-BB41-6230E0855C12}.Debug|Any CPU.ActiveCfg = Debug|Any CPU
		{6EADAB25-FEAB-4F8E-BB41-6230E0855C12}.Debug|Any CPU.Build.0 = Debug|Any CPU
		{6EADAB25-FEAB-4F8E-BB41-6230E0855C12}.Release|Any CPU.ActiveCfg = Release|Any CPU
		{6EADAB25-FEAB-4F8E-BB41-6230E0855C12}.Release|Any CPU.Build.0 = Release|Any CPU
		{5C9648AF-8803-40A6-9400-FD5C76A3ED4A}.Debug|Any CPU.ActiveCfg = Debug|Any CPU
		{5C9648AF-8803-40A6-9400-FD5C76A3ED4A}.Debug|Any CPU.Build.0 = Debug|Any CPU
		{5C9648AF-8803-40A6-9400-FD5C76A3ED4A}.Release|Any CPU.ActiveCfg = Release|Any CPU
		{5C9648AF-8803-40A6-9400-FD5C76A3ED4A}.Release|Any CPU.Build.0 = Release|Any CPU
		{4F31E42F-3A2C-4397-911A-725D4AF11EA1}.Debug|Any CPU.ActiveCfg = Debug|Any CPU
		{4F31E42F-3A2C-4397-911A-725D4AF11EA1}.Debug|Any CPU.Build.0 = Debug|Any CPU
		{4F31E42F-3A2C-4397-911A-725D4AF11EA1}.Release|Any CPU.ActiveCfg = Release|Any CPU
		{4F31E42F-3A2C-4397-911A-725D4AF11EA1}.Release|Any CPU.Build.0 = Release|Any CPU
	EndGlobalSection
	GlobalSection(SolutionProperties) = preSolution
		HideSolutionNode = FALSE
	EndGlobalSection
	GlobalSection(ExtensibilityGlobals) = postSolution
		SolutionGuid = {F75782F7-2E3E-416A-AAE1-CB2936404025}
	EndGlobalSection
EndGlobal
